
Microsoft Visual Studio Solution File, Format Version 12.00
# Visual Studio Version 17
VisualStudioVersion = 17.9.34616.47
MinimumVisualStudioVersion = 10.0.40219.1
Project("{9A19103F-16F7-4668-BE54-9A1E7A4F7556}") = "Folders ++", "Folders ++\Folders ++.csproj", "{9C02FC51-5AE8-4326-9905-D296941C323C}"
EndProject
Project("{FAE04EC0-301F-11D3-BF4B-00C04F79EFBC}") = "Builder", "Builder\Builder.csproj", "{972FCB41-25FA-4F4B-98A5-4B3C66413D45}"
EndProject
Global
	GlobalSection(SolutionConfigurationPlatforms) = preSolution
		Debug|Any CPU = Debug|Any CPU
		Release|Any CPU = Release|Any CPU
	EndGlobalSection
	GlobalSection(ProjectConfigurationPlatforms) = postSolution
		{9C02FC51-5AE8-4326-9905-D296941C323C}.Debug|Any CPU.ActiveCfg = Debug|Any CPU
		{9C02FC51-5AE8-4326-9905-D296941C323C}.Debug|Any CPU.Build.0 = Debug|Any CPU
		{9C02FC51-5AE8-4326-9905-D296941C323C}.Release|Any CPU.ActiveCfg = Release|Any CPU
		{9C02FC51-5AE8-4326-9905-D296941C323C}.Release|Any CPU.Build.0 = Release|Any CPU
		{972FCB41-25FA-4F4B-98A5-4B3C66413D45}.Debug|Any CPU.ActiveCfg = Debug|Any CPU
		{972FCB41-25FA-4F4B-98A5-4B3C66413D45}.Debug|Any CPU.Build.0 = Debug|Any CPU
		{972FCB41-25FA-4F4B-98A5-4B3C66413D45}.Release|Any CPU.ActiveCfg = Release|Any CPU
		{972FCB41-25FA-4F4B-98A5-4B3C66413D45}.Release|Any CPU.Build.0 = Release|Any CPU
	EndGlobalSection
	GlobalSection(SolutionProperties) = preSolution
		HideSolutionNode = FALSE
	EndGlobalSection
	GlobalSection(ExtensibilityGlobals) = postSolution
		SolutionGuid = {6F9246F8-CC5B-4A1C-9D99-DEFB61C92766}
	EndGlobalSection
EndGlobal
